
Microsoft Visual Studio Solution File, Format Version 12.00
# Visual Studio 15
Project("{FAE04EC0-301F-11D3-BF4B-00C04F79EFBC}") = "Assembly-CSharp", "Assembly-CSharp.csproj", "{081E2E70-F5BE-C864-33E0-A959DB0FFE50}"
EndProject
Project("{FAE04EC0-301F-11D3-BF4B-00C04F79EFBC}") = "Assembly-CSharp-Editor", "Assembly-CSharp-Editor.csproj", "{79CDB736-4E6E-9114-3288-22A6E29956D5}"
EndProject
Global
	GlobalSection(SolutionConfigurationPlatforms) = preSolution
		Debug|Any CPU = Debug|Any CPU
		Release|Any CPU = Release|Any CPU
	EndGlobalSection
	GlobalSection(ProjectConfigurationPlatforms) = postSolution
		{081E2E70-F5BE-C864-33E0-A959DB0FFE50}.Debug|Any CPU.ActiveCfg = Debug|Any CPU
		{081E2E70-F5BE-C864-33E0-A959DB0FFE50}.Debug|Any CPU.Build.0 = Debug|Any CPU
		{081E2E70-F5BE-C864-33E0-A959DB0FFE50}.Release|Any CPU.ActiveCfg = Release|Any CPU
		{081E2E70-F5BE-C864-33E0-A959DB0FFE50}.Release|Any CPU.Build.0 = Release|Any CPU
		{79CDB736-4E6E-9114-3288-22A6E29956D5}.Debug|Any CPU.ActiveCfg = Debug|Any CPU
		{79CDB736-4E6E-9114-3288-22A6E29956D5}.Debug|Any CPU.Build.0 = Debug|Any CPU
		{79CDB736-4E6E-9114-3288-22A6E29956D5}.Release|Any CPU.ActiveCfg = Release|Any CPU
		{79CDB736-4E6E-9114-3288-22A6E29956D5}.Release|Any CPU.Build.0 = Release|Any CPU
	EndGlobalSection
	GlobalSection(SolutionProperties) = preSolution
		HideSolutionNode = FALSE
	EndGlobalSection
EndGlobal
