
Microsoft Visual Studio Solution File, Format Version 12.00
# Visual Studio 15
Project("{FAE04EC0-301F-11D3-BF4B-00C04F79EFBC}") = "Assembly-CSharp", "Assembly-CSharp.csproj", "{4918616D-D0B5-7C1C-E7B9-DA9794ED465C}"
EndProject
Project("{FAE04EC0-301F-11D3-BF4B-00C04F79EFBC}") = "Assembly-CSharp-Editor", "Assembly-CSharp-Editor.csproj", "{B07C7572-E1A7-0368-BEA4-EE33567D080C}"
EndProject
Global
	GlobalSection(SolutionConfigurationPlatforms) = preSolution
		Debug|Any CPU = Debug|Any CPU
		Release|Any CPU = Release|Any CPU
	EndGlobalSection
	GlobalSection(ProjectConfigurationPlatforms) = postSolution
		{4918616D-D0B5-7C1C-E7B9-DA9794ED465C}.Debug|Any CPU.ActiveCfg = Debug|Any CPU
		{4918616D-D0B5-7C1C-E7B9-DA9794ED465C}.Debug|Any CPU.Build.0 = Debug|Any CPU
		{4918616D-D0B5-7C1C-E7B9-DA9794ED465C}.Release|Any CPU.ActiveCfg = Release|Any CPU
		{4918616D-D0B5-7C1C-E7B9-DA9794ED465C}.Release|Any CPU.Build.0 = Release|Any CPU
		{B07C7572-E1A7-0368-BEA4-EE33567D080C}.Debug|Any CPU.ActiveCfg = Debug|Any CPU
		{B07C7572-E1A7-0368-BEA4-EE33567D080C}.Debug|Any CPU.Build.0 = Debug|Any CPU
		{B07C7572-E1A7-0368-BEA4-EE33567D080C}.Release|Any CPU.ActiveCfg = Release|Any CPU
		{B07C7572-E1A7-0368-BEA4-EE33567D080C}.Release|Any CPU.Build.0 = Release|Any CPU
	EndGlobalSection
	GlobalSection(SolutionProperties) = preSolution
		HideSolutionNode = FALSE
	EndGlobalSection
EndGlobal
